
Microsoft Visual Studio Solution File, Format Version 12.00
# Visual Studio Version 17
VisualStudioVersion = 17.13.35818.85
MinimumVisualStudioVersion = 10.0.40219.1
Project("{FAE04EC0-301F-11D3-BF4B-00C04F79EFBC}") = "PokerGame", "PokerGame\PokerGame.csproj", "{428ECB1C-E95E-4800-BD1F-C4C1CEAB3184}"
EndProject
Global
	GlobalSection(SolutionConfigurationPlatforms) = preSolution
		Debug|Any CPU = Debug|Any CPU
		Release|Any CPU = Release|Any CPU
	EndGlobalSection
	GlobalSection(ProjectConfigurationPlatforms) = postSolution
		{428ECB1C-E95E-4800-BD1F-C4C1CEAB3184}.Debug|Any CPU.ActiveCfg = Debug|Any CPU
		{428ECB1C-E95E-4800-BD1F-C4C1CEAB3184}.Debug|Any CPU.Build.0 = Debug|Any CPU
		{428ECB1C-E95E-4800-BD1F-C4C1CEAB3184}.Release|Any CPU.ActiveCfg = Release|Any CPU
		{428ECB1C-E95E-4800-BD1F-C4C1CEAB3184}.Release|Any CPU.Build.0 = Release|Any CPU
	EndGlobalSection
	GlobalSection(SolutionProperties) = preSolution
		HideSolutionNode = FALSE
	EndGlobalSection
	GlobalSection(ExtensibilityGlobals) = postSolution
		SolutionGuid = {E4BE5AD7-85A0-42B6-9A85-89895A43E547}
	EndGlobalSection
EndGlobal
